
Microsoft Visual Studio Solution File, Format Version 12.00
# Visual Studio Version 16
VisualStudioVersion = 16.0.31410.357
MinimumVisualStudioVersion = 10.0.40219.1
Project("{FAE04EC0-301F-11D3-BF4B-00C04F79EFBC}") = "Desafio - Tetris", "Desafio - Tetris.csproj", "{873646F5-6425-4714-875A-9452919EAAEA}"
EndProject
Global
	GlobalSection(SolutionConfigurationPlatforms) = preSolution
		Debug|Any CPU = Debug|Any CPU
		Release|Any CPU = Release|Any CPU
	EndGlobalSection
	GlobalSection(ProjectConfigurationPlatforms) = postSolution
		{873646F5-6425-4714-875A-9452919EAAEA}.Debug|Any CPU.ActiveCfg = Debug|Any CPU
		{873646F5-6425-4714-875A-9452919EAAEA}.Debug|Any CPU.Build.0 = Debug|Any CPU
		{873646F5-6425-4714-875A-9452919EAAEA}.Release|Any CPU.ActiveCfg = Release|Any CPU
		{873646F5-6425-4714-875A-9452919EAAEA}.Release|Any CPU.Build.0 = Release|Any CPU
	EndGlobalSection
	GlobalSection(SolutionProperties) = preSolution
		HideSolutionNode = FALSE
	EndGlobalSection
	GlobalSection(ExtensibilityGlobals) = postSolution
		SolutionGuid = {46CBD701-9C89-45F4-9AE7-5136559A9BE6}
	EndGlobalSection
EndGlobal
